
Microsoft Visual Studio Solution File, Format Version 11.00
# Visual Studio 2010
Project("{8BC9CEB8-8B4A-11D0-8D11-00A0C91BC942}") = "http", "projects\VS2010\http\http.vcxproj", "{ECCCC14B-2B26-4E9D-ADA2-F4345A858C93}"
EndProject
Project("{8BC9CEB8-8B4A-11D0-8D11-00A0C91BC942}") = "core", "projects\VS2010\core\core.vcxproj", "{02815333-E83D-4EC4-80DA-379FF874E990}"
EndProject
Project("{8BC9CEB8-8B4A-11D0-8D11-00A0C91BC942}") = "ak308", "projects\VS2010\ak308\ak308.vcxproj", "{689378F7-307A-483B-B2A1-C31550084E53}"
EndProject
Project("{8BC9CEB8-8B4A-11D0-8D11-00A0C91BC942}") = "ak306", "projects\VS2010\ak306\ak306.vcxproj", "{90376CDB-9C81-4EF9-A3E6-FC72853564CE}"
EndProject
Project("{8BC9CEB8-8B4A-11D0-8D11-00A0C91BC942}") = "fuel", "projects\VS2010\fuel\fuel.vcxproj", "{D97A3BE6-EA49-494A-BCDD-29BC8E7F17AC}"
EndProject
Project("{8BC9CEB8-8B4A-11D0-8D11-00A0C91BC942}") = "ak305", "projects\VS2010\ak305\ak305.vcxproj", "{DD36A188-4C66-4864-A30A-E192A4D01C1C}"
EndProject
Project("{8BC9CEB8-8B4A-11D0-8D11-00A0C91BC942}") = "importer", "projects\VS2010\importer\importer.vcxproj", "{052AC877-B462-441C-AAA3-137AC380B286}"
EndProject
Project("{2150E333-8FDC-42A3-9474-1A3956D46DE8}") = "Solution Items", "Solution Items", "{D4B157E7-96CB-45B9-A286-1ADB8AC911EA}"
EndProject
Project("{8BC9CEB8-8B4A-11D0-8D11-00A0C91BC942}") = "ta001", "projects\VS2010\ta001\ta001.vcxproj", "{6E28E8B3-3433-4335-8AEA-57A3DEB4B37D}"
EndProject
Project("{2150E333-8FDC-42A3-9474-1A3956D46DE8}") = "Retranslators", "Retranslators", "{C843A7C0-4FAA-4AD5-9117-2BDAC7A31F41}"
EndProject
Project("{8BC9CEB8-8B4A-11D0-8D11-00A0C91BC942}") = "granit_v3", "projects\VS2010\granit_v3\granit_v3.vcxproj", "{09AFB2A2-D2FF-4766-A910-5605B9B2C631}"
EndProject
Project("{2150E333-8FDC-42A3-9474-1A3956D46DE8}") = "Terminals", "Terminals", "{BBCCD198-A418-4298-9A52-F4C3A63565CD}"
EndProject
Project("{8BC9CEB8-8B4A-11D0-8D11-00A0C91BC942}") = "tr203", "projects\VS2010\tr203\tr203.vcxproj", "{D89322C3-0075-4A2B-AE4D-F3055F61BA25}"
EndProject
Project("{8BC9CEB8-8B4A-11D0-8D11-00A0C91BC942}") = "egts-tatarstan", "projects\VS2010\egts-tatarstan\egts-tatarstan.vcxproj", "{F2653D84-17EC-4615-89FF-EEDC38F6E465}"
EndProject
Project("{8BC9CEB8-8B4A-11D0-8D11-00A0C91BC942}") = "tr151", "projects\VS2010\tr151\tr151.vcxproj", "{4D992F03-A02A-4FBE-BA4B-73A3F96C367E}"
EndProject
Project("{8BC9CEB8-8B4A-11D0-8D11-00A0C91BC942}") = "DorTrans", "projects\VS2010\DorTrans\DorTrans.vcxproj", "{3CBCC2F2-1C93-4081-A9CC-62BB1AF8C9A2}"
EndProject
Global
	GlobalSection(SolutionConfigurationPlatforms) = preSolution
		Debug|Win32 = Debug|Win32
		Release|Win32 = Release|Win32
	EndGlobalSection
	GlobalSection(ProjectConfigurationPlatforms) = postSolution
		{ECCCC14B-2B26-4E9D-ADA2-F4345A858C93}.Debug|Win32.ActiveCfg = Debug|Win32
		{ECCCC14B-2B26-4E9D-ADA2-F4345A858C93}.Debug|Win32.Build.0 = Debug|Win32
		{ECCCC14B-2B26-4E9D-ADA2-F4345A858C93}.Release|Win32.ActiveCfg = Release|Win32
		{ECCCC14B-2B26-4E9D-ADA2-F4345A858C93}.Release|Win32.Build.0 = Release|Win32
		{02815333-E83D-4EC4-80DA-379FF874E990}.Debug|Win32.ActiveCfg = Debug|Win32
		{02815333-E83D-4EC4-80DA-379FF874E990}.Debug|Win32.Build.0 = Debug|Win32
		{02815333-E83D-4EC4-80DA-379FF874E990}.Release|Win32.ActiveCfg = Release|Win32
		{02815333-E83D-4EC4-80DA-379FF874E990}.Release|Win32.Build.0 = Release|Win32
		{689378F7-307A-483B-B2A1-C31550084E53}.Debug|Win32.ActiveCfg = Debug|Win32
		{689378F7-307A-483B-B2A1-C31550084E53}.Debug|Win32.Build.0 = Debug|Win32
		{689378F7-307A-483B-B2A1-C31550084E53}.Release|Win32.ActiveCfg = Release|Win32
		{689378F7-307A-483B-B2A1-C31550084E53}.Release|Win32.Build.0 = Release|Win32
		{90376CDB-9C81-4EF9-A3E6-FC72853564CE}.Debug|Win32.ActiveCfg = Debug|Win32
		{90376CDB-9C81-4EF9-A3E6-FC72853564CE}.Debug|Win32.Build.0 = Debug|Win32
		{90376CDB-9C81-4EF9-A3E6-FC72853564CE}.Release|Win32.ActiveCfg = Release|Win32
		{90376CDB-9C81-4EF9-A3E6-FC72853564CE}.Release|Win32.Build.0 = Release|Win32
		{D97A3BE6-EA49-494A-BCDD-29BC8E7F17AC}.Debug|Win32.ActiveCfg = Debug|Win32
		{D97A3BE6-EA49-494A-BCDD-29BC8E7F17AC}.Debug|Win32.Build.0 = Debug|Win32
		{D97A3BE6-EA49-494A-BCDD-29BC8E7F17AC}.Release|Win32.ActiveCfg = Release|Win32
		{D97A3BE6-EA49-494A-BCDD-29BC8E7F17AC}.Release|Win32.Build.0 = Release|Win32
		{DD36A188-4C66-4864-A30A-E192A4D01C1C}.Debug|Win32.ActiveCfg = Debug|Win32
		{DD36A188-4C66-4864-A30A-E192A4D01C1C}.Debug|Win32.Build.0 = Debug|Win32
		{DD36A188-4C66-4864-A30A-E192A4D01C1C}.Release|Win32.ActiveCfg = Release|Win32
		{DD36A188-4C66-4864-A30A-E192A4D01C1C}.Release|Win32.Build.0 = Release|Win32
		{052AC877-B462-441C-AAA3-137AC380B286}.Debug|Win32.ActiveCfg = Debug|Win32
		{052AC877-B462-441C-AAA3-137AC380B286}.Debug|Win32.Build.0 = Debug|Win32
		{052AC877-B462-441C-AAA3-137AC380B286}.Release|Win32.ActiveCfg = Release|Win32
		{052AC877-B462-441C-AAA3-137AC380B286}.Release|Win32.Build.0 = Release|Win32
		{6E28E8B3-3433-4335-8AEA-57A3DEB4B37D}.Debug|Win32.ActiveCfg = Debug|Win32
		{6E28E8B3-3433-4335-8AEA-57A3DEB4B37D}.Debug|Win32.Build.0 = Debug|Win32
		{6E28E8B3-3433-4335-8AEA-57A3DEB4B37D}.Release|Win32.ActiveCfg = Release|Win32
		{6E28E8B3-3433-4335-8AEA-57A3DEB4B37D}.Release|Win32.Build.0 = Release|Win32
		{09AFB2A2-D2FF-4766-A910-5605B9B2C631}.Debug|Win32.ActiveCfg = Debug|Win32
		{09AFB2A2-D2FF-4766-A910-5605B9B2C631}.Debug|Win32.Build.0 = Debug|Win32
		{09AFB2A2-D2FF-4766-A910-5605B9B2C631}.Release|Win32.ActiveCfg = Release|Win32
		{09AFB2A2-D2FF-4766-A910-5605B9B2C631}.Release|Win32.Build.0 = Release|Win32
		{D89322C3-0075-4A2B-AE4D-F3055F61BA25}.Debug|Win32.ActiveCfg = Debug|Win32
		{D89322C3-0075-4A2B-AE4D-F3055F61BA25}.Debug|Win32.Build.0 = Debug|Win32
		{D89322C3-0075-4A2B-AE4D-F3055F61BA25}.Release|Win32.ActiveCfg = Release|Win32
		{D89322C3-0075-4A2B-AE4D-F3055F61BA25}.Release|Win32.Build.0 = Release|Win32
		{F2653D84-17EC-4615-89FF-EEDC38F6E465}.Debug|Win32.ActiveCfg = Debug|Win32
		{F2653D84-17EC-4615-89FF-EEDC38F6E465}.Debug|Win32.Build.0 = Debug|Win32
		{F2653D84-17EC-4615-89FF-EEDC38F6E465}.Release|Win32.ActiveCfg = Release|Win32
		{F2653D84-17EC-4615-89FF-EEDC38F6E465}.Release|Win32.Build.0 = Release|Win32
		{4D992F03-A02A-4FBE-BA4B-73A3F96C367E}.Debug|Win32.ActiveCfg = Debug|Win32
		{4D992F03-A02A-4FBE-BA4B-73A3F96C367E}.Debug|Win32.Build.0 = Debug|Win32
		{4D992F03-A02A-4FBE-BA4B-73A3F96C367E}.Release|Win32.ActiveCfg = Release|Win32
		{4D992F03-A02A-4FBE-BA4B-73A3F96C367E}.Release|Win32.Build.0 = Release|Win32
		{3CBCC2F2-1C93-4081-A9CC-62BB1AF8C9A2}.Debug|Win32.ActiveCfg = Debug|Win32
		{3CBCC2F2-1C93-4081-A9CC-62BB1AF8C9A2}.Debug|Win32.Build.0 = Debug|Win32
		{3CBCC2F2-1C93-4081-A9CC-62BB1AF8C9A2}.Release|Win32.ActiveCfg = Release|Win32
		{3CBCC2F2-1C93-4081-A9CC-62BB1AF8C9A2}.Release|Win32.Build.0 = Release|Win32
	EndGlobalSection
	GlobalSection(SolutionProperties) = preSolution
		HideSolutionNode = FALSE
	EndGlobalSection
	GlobalSection(NestedProjects) = preSolution
		{BBCCD198-A418-4298-9A52-F4C3A63565CD} = {D4B157E7-96CB-45B9-A286-1ADB8AC911EA}
		{C843A7C0-4FAA-4AD5-9117-2BDAC7A31F41} = {D4B157E7-96CB-45B9-A286-1ADB8AC911EA}
		{DD36A188-4C66-4864-A30A-E192A4D01C1C} = {BBCCD198-A418-4298-9A52-F4C3A63565CD}
		{689378F7-307A-483B-B2A1-C31550084E53} = {BBCCD198-A418-4298-9A52-F4C3A63565CD}
		{6E28E8B3-3433-4335-8AEA-57A3DEB4B37D} = {BBCCD198-A418-4298-9A52-F4C3A63565CD}
		{90376CDB-9C81-4EF9-A3E6-FC72853564CE} = {BBCCD198-A418-4298-9A52-F4C3A63565CD}
		{D89322C3-0075-4A2B-AE4D-F3055F61BA25} = {BBCCD198-A418-4298-9A52-F4C3A63565CD}
		{4D992F03-A02A-4FBE-BA4B-73A3F96C367E} = {BBCCD198-A418-4298-9A52-F4C3A63565CD}
		{09AFB2A2-D2FF-4766-A910-5605B9B2C631} = {C843A7C0-4FAA-4AD5-9117-2BDAC7A31F41}
		{F2653D84-17EC-4615-89FF-EEDC38F6E465} = {C843A7C0-4FAA-4AD5-9117-2BDAC7A31F41}
		{3CBCC2F2-1C93-4081-A9CC-62BB1AF8C9A2} = {C843A7C0-4FAA-4AD5-9117-2BDAC7A31F41}
	EndGlobalSection
EndGlobal
